
Microsoft Visual Studio Solution File, Format Version 12.00
# Visual Studio 15
VisualStudioVersion = 15.0.27428.2005
MinimumVisualStudioVersion = 10.0.40219.1
Project("{F184B08F-C81C-45F6-A57F-5ABD9991F28F}") = "pre release", "pre release\pre release.vbproj", "{D5812603-8D39-4681-82D7-8448AACA0A34}"
EndProject
Global
	GlobalSection(SolutionConfigurationPlatforms) = preSolution
		Debug|Any CPU = Debug|Any CPU
		Release|Any CPU = Release|Any CPU
	EndGlobalSection
	GlobalSection(ProjectConfigurationPlatforms) = postSolution
		{D5812603-8D39-4681-82D7-8448AACA0A34}.Debug|Any CPU.ActiveCfg = Debug|Any CPU
		{D5812603-8D39-4681-82D7-8448AACA0A34}.Debug|Any CPU.Build.0 = Debug|Any CPU
		{D5812603-8D39-4681-82D7-8448AACA0A34}.Release|Any CPU.ActiveCfg = Release|Any CPU
		{D5812603-8D39-4681-82D7-8448AACA0A34}.Release|Any CPU.Build.0 = Release|Any CPU
	EndGlobalSection
	GlobalSection(SolutionProperties) = preSolution
		HideSolutionNode = FALSE
	EndGlobalSection
	GlobalSection(ExtensibilityGlobals) = postSolution
		SolutionGuid = {D038F350-766F-4AF4-80C8-10C816AB959F}
	EndGlobalSection
EndGlobal
